# THIS IS AN AUTOGENERATED FILE. DO NOT EDIT THIS FILE DIRECTLY.
# yarn lockfile v1


"@vant/area-data@^1.2.3":
  version "1.2.3"
  resolved "https://registry.npmmirror.com/@vant/area-data/-/area-data-1.2.3.tgz#9c1b5a0e5e563836969bfc78f8a56e63657f3007"
  integrity sha512-9bDgEsFnTjdaYXPvsYKRQmxzKDdLCl0c1dOo4JGE6RhaIcq2kR2f5cK0LUdGK+U/SuBz9NfW5ejL1lejcFiP1Q==
